# This file is autogenerated, do not edit; changes may be undone by the next 'dep ensure'.


[[projects]]
  branch = "master"
  name = "github.com/computes/go-debug"
  packages = ["."]
  revision = "7cb67a40409f4bbd31b6d0e8eb8b662bbdd3e252"

[[projects]]
  name = "github.com/computes/go-ipld-polymorph"
  packages = ["."]
  revision = "f222f397e2947af407e95983b6cd28bb614c520c"
  version = "v1.5.0"

[[projects]]
  name = "github.com/computes/go-sdk"
  packages = [
    "pkg/helpers/datasets",
    "pkg/helpers/tasks",
    "pkg/types"
  ]
  revision = "2915ed2b9383c342398d28e0df10c22809b94d95"
  version = "v3.0.0"

[[projects]]
  name = "github.com/computes/ipfs-http-api"
  packages = [
    "dag",
    "http"
  ]
  revision = "b45f9b87a478d0b9d91a7777dbe5b41adfd03f33"
  version = "v7.3.0"

[[projects]]
  name = "github.com/google/uuid"
  packages = ["."]
  revision = "064e2069ce9c359c118179501254f67d7d37ba24"
  version = "0.2"

[solve-meta]
  analyzer-name = "dep"
  analyzer-version = 1
  inputs-digest = "1628cfaf23a36cf9247356873d6ba25002c3f23a3f5a40a04c1a94e4504bbd7e"
  solver-name = "gps-cdcl"
  solver-version = 1
