# This file is autogenerated, do not edit; changes may be undone by the next 'dep ensure'.


[[projects]]
  branch = "master"
  name = "github.com/computes/go-debug"
  packages = ["."]
  revision = "7cb67a40409f4bbd31b6d0e8eb8b662bbdd3e252"

[[projects]]
  name = "github.com/computes/go-ipld-polymorph"
  packages = ["."]
  revision = "f222f397e2947af407e95983b6cd28bb614c520c"
  version = "v1.5.0"

[[projects]]
  name = "github.com/computes/go-sdk"
  packages = [
    "pkg/helpers/datasets",
    "pkg/helpers/ipfs",
    "pkg/helpers/tasks",
    "pkg/types"
  ]
  revision = "a2b7fe05cac2dd955f5f890b8605479658d2191b"
  version = "v2.3.0"

[[projects]]
  name = "github.com/computes/ipfs-http-api"
  packages = [
    "dag",
    "http"
  ]
  revision = "7478904f9e018113142ee5320df6a59bdcc3a0a7"
  version = "v7.2.1"

[[projects]]
  name = "github.com/google/uuid"
  packages = ["."]
  revision = "064e2069ce9c359c118179501254f67d7d37ba24"
  version = "0.2"

[solve-meta]
  analyzer-name = "dep"
  analyzer-version = 1
  inputs-digest = "602e4fe013c0c7fe4393ef05bbbc198b6a9fe7171235ca1676e60a59104ae71f"
  solver-name = "gps-cdcl"
  solver-version = 1
