# This file is autogenerated, do not edit; changes may be undone by the next 'dep ensure'.


[[projects]]
  branch = "master"
  name = "github.com/computes/go-debug"
  packages = ["."]
  revision = "7cb67a40409f4bbd31b6d0e8eb8b662bbdd3e252"

[[projects]]
  name = "github.com/computes/go-ipld-polymorph"
  packages = ["."]
  revision = "52d982c39f76f0d16fa81793d32b9b7f681584d0"
  version = "v1.4.0"

[[projects]]
  name = "github.com/computes/go-sdk"
  packages = [
    "pkg/helpers/datasets",
    "pkg/helpers/ipfs",
    "pkg/helpers/polymorph",
    "pkg/helpers/tasks",
    "pkg/types"
  ]
  revision = "a2b7fe05cac2dd955f5f890b8605479658d2191b"
  version = "v2.3.0"

[[projects]]
  name = "github.com/computes/ipfs-http-api"
  packages = [
    "dag",
    "http"
  ]
  revision = "7478904f9e018113142ee5320df6a59bdcc3a0a7"
  version = "v7.2.1"

[[projects]]
  name = "github.com/google/uuid"
  packages = ["."]
  revision = "064e2069ce9c359c118179501254f67d7d37ba24"
  version = "0.2"

[solve-meta]
  analyzer-name = "dep"
  analyzer-version = 1
  inputs-digest = "8bf08290e5165a1c40bf621c05f3b55e4c035cec52dd1cc4e773c9b240332635"
  solver-name = "gps-cdcl"
  solver-version = 1
